github.com/beorn7/perks v1.0.1 h1:VlbKKnNfV8bJzeqoa4cOKqO6bYr3WgKZxO8Z16+hsOM=
github.com/beorn7/perks v1.0.1/go.mod h1:G2ZrVWU2WbWT9wwq4/hrbKbnv/1ERSJQ0ibhJ6rlkpw=
github.com/brotherlogic/buildserver v0.0.0-20260523025133-78f11a8fa0a1 h1:vo9wEIY4NkWP4857pQIq5gW6vdbWxc+JUL7/GJtPw8U=
github.com/brotherlogic/buildserver v0.0.0-20260523025133-78f11a8fa0a1/go.mod h1:4zrQMNRT/FWjN2eSMVbq80Dl/mKa7SH8SRjSy84eU3w=
github.com/brotherlogic/datastore v0.0.0-20250610012354-722a6beaa331 h1:XTRMSwtcgm8sBrtDZzXCfkUey9r+eOYjFj85HxuEd10=
github.com/brotherlogic/datastore v0.0.0-20250610012354-722a6beaa331/go.mod h1:myPHKOYfXo6wQFA2eU5n+0ZuIljYaye3FUUepu5zycI=
github.com/brotherlogic/discovery v0.0.0-20260319021723-0af9069c77b1 h1:caQ/0mXR76G0qsLb84PXV5FGy4qdy+wO/+4CZVyhFrw=
github.com/brotherlogic/discovery v0.0.0-20260319021723-0af9069c77b1/go.mod h1:dAUMwyPYgmSXLoNjBHc/zCeO+lpfO17ztc6c3No8TD4=
github.com/brotherlogic/dstore v0.0.0-20260203215131-c1953f4290fb h1:0FB1yDcpR+XbvAfyyz2yo9rfQnO7YiYY5Tf/AreDICU=
github.com/brotherlogic/dstore v0.0.0-20260203215131-c1953f4290fb/go.mod h1:yH7mg+ci5sUrwWt//fdjgoCW7Elcu9Pvd3u8hlRGfAQ=
github.com/brotherlogic/githubcard v0.0.0-20260319022318-581af2e0f713 h1:c4lp0WRrClvGGKCAr5qYS41KiQUZ71beb2Nul9X8hmg=
github.com/brotherlogic/githubcard v0.0.0-20260319022318-581af2e0f713/go.mod h1:2tV3C7g/UoXC1dyV0sIO3tKgh7Qsgg4ZmgFASNiSbgg=
github.com/brotherlogic/githubridge v0.2875.0 h1:biNFCo/tFgOiyW7+jJfqd8STt2/lVBxL6xGOOU3djT4=
github.com/brotherlogic/githubridge v0.2875.0/go.mod h1:vLArYFdKXKrP6iDFRlFRsi5j5Pe+yGtrfjZOZKYKzsQ=
github.com/brotherlogic/gobuildslave v0.0.0-20260319024238-83e212e88282 h1:6PKtlF7Yo1bRnV5ZwpII9bfN+prBSdZs9zm0x+6UmJM=
github.com/brotherlogic/gobuildslave v0.0.0-20260319024238-83e212e88282/go.mod h1:Bz2/8sy1u0/B/JueQXrjI/L3GuQf41TCvGHOkaWtom0=
github.com/brotherlogic/godiscogs v0.0.0-20260522232013-a766a3d66aa2 h1:JvcuKCAj3X0hKcDcRGWvunmFOTGQr3lfEVbGmYuS5lQ=
github.com/brotherlogic/godiscogs v0.0.0-20260522232013-a766a3d66aa2/go.mod h1:YLlmKCU+X2bq6sdg2raAw5IFujInBy81UcUQmmVx4yo=
github.com/brotherlogic/goserver v0.0.0-20260125051706-82df7bec125f h1:9so1Hpzgq5lTDLT1y+d3ioNcslgUip8aPWys9nYobTA=
github.com/brotherlogic/goserver v0.0.0-20260125051706-82df7bec125f/go.mod h1:QbrdZ+d2/FKUG5c9BmQS3yXssOTMOb0nlZyZNcS0UMM=
github.com/brotherlogic/keystore v0.0.0-20260319000604-318a8f9d407c h1:5rH0xRI8VpPGDRFmGMQ9E9psgO635o2zVsnK6ksv7U8=
github.com/brotherlogic/keystore v0.0.0-20260319000604-318a8f9d407c/go.mod h1:dt1n2xrCgvWMDyXrnp/1OhkeM3icUPXiMQ+x8zJSl+s=
github.com/brotherlogic/lock v0.0.0-20260319021536-1ee751a89019 h1:39ZsAEf5k1p1OvcU/1NOhNIzPzkD5a4GY8z55JKPN0c=
github.com/brotherlogic/lock v0.0.0-20260319021536-1ee751a89019/go.mod h1:kM7aoC8bslIrz8JLhGNcNeUALey8MjdPPQYOSzDiU4M=
github.com/brotherlogic/logging v0.0.0-20260319020728-4dbc020f1d5e h1:+rsgG2WTHdsFCR9cSQ/XNQEX7ylwDwTsH1tgIPfAsxw=
github.com/brotherlogic/logging v0.0.0-20260319020728-4dbc020f1d5e/go.mod h1:cN/FkubMWy50gT0OEFvmsKZ5AmGtK1VzABAely2VP30=
github.com/brotherlogic/monitor v0.0.0-20221025152653-c10877c5f9e6 h1:hxu2T9JspE76sL3XAx/CNtA9bOO6QCEJkyG9rBXFEVA=
github.com/brotherlogic/monitor v0.0.0-20221025152653-c10877c5f9e6/go.mod h1:babny4VO2GqFwjXqhJsP4a6la4XJeMT6f4BgLBPq4G8=
github.com/brotherlogic/recordcollection v0.0.0-20260523191706-989f130f7584 h1:bShy04cNwC0f253S4HmGjR1aZUt3Lo9yVsT0F8xiYJI=
github.com/brotherlogic/recordcollection v0.0.0-20260523191706-989f130f7584/go.mod h1:wmL3Fkhg79WpJUVx2Tp1CHRKK05im0fxNnXMgaU0XpE=
github.com/brotherlogic/recordsorganiser v0.0.0-20260523220828-474e98038b45 h1:vCxKy5yd8HogvmbdT2zsDsCRC7nDgHjZWSCNIXFulSU=
github.com/brotherlogic/recordsorganiser v0.0.0-20260523220828-474e98038b45/go.mod h1:bGxkIhw4Em/FBHX6Gtcj7OcQzZjET/Cj5hUOd6ldSFw=
github.com/brotherlogic/versionserver v0.0.0-20221025154054-c9bcd41be2f2 h1:YjFE4Sa+wwbl4yJwJaMQVeA4CMzLIDbbIuSMdsEp5/w=
github.com/brotherlogic/versionserver v0.0.0-20221025154054-c9bcd41be2f2/go.mod h1:ODrbMDhG+yOp2vie9vE4oaKsKhILDralZMr7PJ4HrJY=
github.com/cespare/xxhash/v2 v2.3.0 h1:UL815xU9SqsFlibzuggzjXhog7bL6oX9BbNZnL2UFvs=
github.com/cespare/xxhash/v2 v2.3.0/go.mod h1:VGX0DQ3Q6kWi7AoAeZDth3/j3BFtOZR5XLFGgcrjCOs=
github.com/davecgh/go-spew v1.1.1 h1:vj9j/u1bqnvCEfJOwUhtlOARqs3+rkHYY13jYWTU97c=
github.com/davecgh/go-spew v1.1.1/go.mod h1:J7Y8YcW2NihsgmVo/mv3lAwl/skON4iLHjSsI+c5H38=
github.com/go-logr/logr v1.4.3 h1:CjnDlHq8ikf6E492q6eKboGOC0T8CDaOvkHCIg8idEI=
github.com/go-logr/logr v1.4.3/go.mod h1:9T104GzyrTigFIr8wt5mBrctHMim0Nb2HLGrmQ40KvY=
github.com/go-logr/stdr v1.2.2 h1:hSWxHoqTgW2S2qGc0LTAI563KZ5YKYRhT3MFKZMbjag=
github.com/go-logr/stdr v1.2.2/go.mod h1:mMo/vtBO5dYbehREoey6XUKy/eSumjCCveDpRre4VKE=
github.com/golang/protobuf v1.5.4 h1:i7eJL8qZTpSEXOPTxNKhASYpMn+8e5Q6AdndVa1dWek=
github.com/golang/protobuf v1.5.4/go.mod h1:lnTiLA8Wa4RWRcIUkrtSVa5nRhsEGBg48fD6rSs7xps=
github.com/google/go-cmp v0.7.0 h1:wk8382ETsv4JYUZwIsn6YpYiWiBsYLSJiTsyBybVuN8=
github.com/google/go-cmp v0.7.0/go.mod h1:pXiqmnSA92OHEEa9HXL2W4E7lf9JzCmGVUdgjX3N/iU=
github.com/google/uuid v1.6.0 h1:NIvaJDMOsjHA8n1jAhLSgzrAzy1Hgr+hNrb57e+94F0=
github.com/google/uuid v1.6.0/go.mod h1:TIyPZe4MgqvfeYDBFedMoGGpEw/LqOeaOT+nhxU+yHo=
github.com/klauspost/compress v1.18.0 h1:c/Cqfb0r+Yi+JtIEq73FWXVkRonBlf0CRNYc8Zttxdo=
github.com/klauspost/compress v1.18.0/go.mod h1:2Pp+KzxcywXVXMr50+X0Q/Lsb43OQHYWRCY2AiWywWQ=
github.com/kylelemons/godebug v1.1.0 h1:RPNrshWIDI6G2gRW9EHilWtl7Z6Sb1BR0xunSBf0SNc=
github.com/kylelemons/godebug v1.1.0/go.mod h1:9/0rRGxNHcop5bhtWyNeEfOS8JIWk580+fNqagV/RAw=
github.com/mitchellh/go-ps v1.0.0 h1:i6ampVEEF4wQFF+bkYfwYgY+F/uYJDktmvLPf7qIgjc=
github.com/mitchellh/go-ps v1.0.0/go.mod h1:J4lOc8z8yJs6vUwklHw2XEIiT4z4C40KtWVN3nvg8Pg=
github.com/munnerz/goautoneg v0.0.0-20191010083416-a7dc8b61c822 h1:C3w9PqII01/Oq1c1nUAm88MOHcQC9l5mIlSMApZMrHA=
github.com/munnerz/goautoneg v0.0.0-20191010083416-a7dc8b61c822/go.mod h1:+n7T8mK8HuQTcFwEeznm/DIxMOiR9yIdICNftLE1DvQ=
github.com/pmezard/go-difflib v1.0.0 h1:4DBwDE0NGyQoBHbLQYPwSUPoCMWR5BEzIk/f1lZbAQM=
github.com/pmezard/go-difflib v1.0.0/go.mod h1:iKH77koFhYxTK1pcRnkKkqfTogsbg7gZNVY4sRDYZ/4=
github.com/prometheus/client_golang v1.23.2 h1:Je96obch5RDVy3FDMndoUsjAhG5Edi49h0RJWRi/o0o=
github.com/prometheus/client_golang v1.23.2/go.mod h1:Tb1a6LWHB3/SPIzCoaDXI4I8UHKeFTEQ1YCr+0Gyqmg=
github.com/prometheus/client_model v0.6.2 h1:oBsgwpGs7iVziMvrGhE53c/GrLUsZdHnqNwqPLxwZyk=
github.com/prometheus/client_model v0.6.2/go.mod h1:y3m2F6Gdpfy6Ut/GBsUqTWZqCUvMVzSfMLjcu6wAwpE=
github.com/prometheus/common v0.67.5 h1:pIgK94WWlQt1WLwAC5j2ynLaBRDiinoAb86HZHTUGI4=
github.com/prometheus/common v0.67.5/go.mod h1:SjE/0MzDEEAyrdr5Gqc6G+sXI67maCxzaT3A2+HqjUw=
github.com/prometheus/procfs v0.20.1 h1:XwbrGOIplXW/AU3YhIhLODXMJYyC1isLFfYCsTEycfc=
github.com/prometheus/procfs v0.20.1/go.mod h1:o9EMBZGRyvDrSPH1RqdxhojkuXstoe4UlK79eF5TGGo=
github.com/stretchr/testify v1.11.1 h1:7s2iGBzp5EwR7/aIZr8ao5+dra3wiQyKjjFuvgVKu7U=
github.com/stretchr/testify v1.11.1/go.mod h1:wZwfW3scLgRK+23gO65QZefKpKQRnfz6sD981Nm4B6U=
github.com/struCoder/pidusage v0.2.1 h1:dFiEgUDkubeIj0XA1NpQ6+8LQmKrLi7NiIQl86E6BoY=
github.com/struCoder/pidusage v0.2.1/go.mod h1:bewtP2KUA1TBUyza5+/PCpSQ6sc/H6jJbIKAzqW86BA=
go.opentelemetry.io/auto/sdk v1.2.1 h1:jXsnJ4Lmnqd11kwkBV2LgLoFMZKizbCi5fNZ/ipaZ64=
go.opentelemetry.io/auto/sdk v1.2.1/go.mod h1:KRTj+aOaElaLi+wW1kO/DZRXwkF4C5xPbEe3ZiIhN7Y=
go.opentelemetry.io/otel v1.44.0 h1:JjwHmHpA4iZ3wBxluu2fbbE7j4kqlE8jXyAyPXH7HqU=
go.opentelemetry.io/otel v1.44.0/go.mod h1:BMgjTHL9WPRlRjL2oZCBTL4whCGtXch2H4BhOPIAyYc=
go.opentelemetry.io/otel/metric v1.44.0 h1:1w0gILTcHdr3YI+ixLyjemwrVnsMURbTZFrSYCdDdmc=
go.opentelemetry.io/otel/metric v1.44.0/go.mod h1:8O7hanEPBNgEMmybD3s2VBKcgWOCsA6tzHBPODAiquo=
go.opentelemetry.io/otel/sdk v1.44.0 h1:nHYwb9lK+fJPU/dnT6s7W7Z8itMWyqrnVfbheVYrZ58=
go.opentelemetry.io/otel/sdk v1.44.0/go.mod h1:Osuydd3Se74nqjAKxid74N5eC+jfEqfTegHRnq58oK0=
go.opentelemetry.io/otel/sdk/metric v1.44.0 h1:3LlKgI+VjbVsjNRFZJZAJ30WjXC5VkNRks6si09iEfI=
go.opentelemetry.io/otel/sdk/metric v1.44.0/go.mod h1:5B5pMARnXxKhltooO4xUuCBorl65a4EpnTalObqOigA=
go.opentelemetry.io/otel/trace v1.44.0 h1:jxF5CsGYCe74MCRx2X4g7WsY/VBKRqqpNvXlX/6gtIk=
go.opentelemetry.io/otel/trace v1.44.0/go.mod h1:oLl1jrMQAVo6v3GAggN+1VH9VIz9iUSvW53sW1Q8PIE=
go.uber.org/goleak v1.3.0 h1:2K3zAYmnTNqV73imy9J1T3WC+gmCePx2hEGkimedGto=
go.uber.org/goleak v1.3.0/go.mod h1:CoHD4mav9JJNrW/WLlf7HGZPjdw8EucARQHekz1X6bE=
go.yaml.in/yaml/v2 v2.4.4 h1:tuyd0P+2Ont/d6e2rl3be67goVK4R6deVxCUX5vyPaQ=
go.yaml.in/yaml/v2 v2.4.4/go.mod h1:gMZqIpDtDqOfM0uNfy0SkpRhvUryYH0Z6wdMYcacYXQ=
golang.org/x/net v0.55.0 h1:bcvxaJn3e1U6InsFWt1JUq1aSjnRxLzT2rtD2KfkDF8=
golang.org/x/net v0.55.0/go.mod h1:L5U2KuzuOe1lY7Z+aWVIKK6qEeJXnXV9yzGA+WCHJww=
golang.org/x/sys v0.45.0 h1:dO4czNzziLiiXplLQgBCEpCvXQ3dnkn0SdaZSYdQ+FY=
golang.org/x/sys v0.45.0/go.mod h1:4GL1E5IUh+htKOUEOaiffhrAeqysfVGipDYzABqnCmw=
golang.org/x/text v0.37.0 h1:Cqjiwd9eSg8e0QAkyCaQTNHFIIzWtidPahFWR83rTrc=
golang.org/x/text v0.37.0/go.mod h1:a5sjxXGs9hsn/AJVwuElvCAo9v8QYLzvavO5z2PiM38=
gonum.org/v1/gonum v0.17.0 h1:VbpOemQlsSMrYmn7T2OUvQ4dqxQXU+ouZFQsZOx50z4=
gonum.org/v1/gonum v0.17.0/go.mod h1:El3tOrEuMpv2UdMrbNlKEh9vd86bmQ6vqIcDwxEOc1E=
google.golang.org/genproto/googleapis/rpc v0.0.0-20260526163538-3dc84a4a5aaa h1:mZHHdPZl0dbGHCflZgAq/Q468DWVFcU2whhB2KAo8fk=
google.golang.org/genproto/googleapis/rpc v0.0.0-20260526163538-3dc84a4a5aaa/go.mod h1:4Hqkh8ycfw05ld/3BWL7rJOSfebL2Q+DVDeRgYgxUU8=
google.golang.org/grpc v1.83.1 h1:HIO0+BEtBP6soyqvqC8sNUjZ7bTs+0hFQuFF+RAy++Y=
google.golang.org/grpc v1.83.1/go.mod h1:kDyl6SKsiHKt0uylY5gtn5cEjkrIOhQOGDgIc4JGwzQ=
google.golang.org/protobuf v1.36.11 h1:fV6ZwhNocDyBLK0dj+fg8ektcVegBBuEolpbTQyBNVE=
google.golang.org/protobuf v1.36.11/go.mod h1:HTf+CrKn2C3g5S8VImy6tdcUvCska2kB7j23XfzDpco=
gopkg.in/yaml.v3 v3.0.1 h1:fxVm/GzAzEWqLHuvctI91KS9hhNmmWOoWu0XTYJS7CA=
gopkg.in/yaml.v3 v3.0.1/go.mod h1:K4uyk7z7BCEPqu6E+C64Yfv1cQ7kz7rIZviUmN+EgEM=
