github.com/beorn7/perks v1.0.1 h1:VlbKKnNfV8bJzeqoa4cOKqO6bYr3WgKZxO8Z16+hsOM=
github.com/beorn7/perks v1.0.1/go.mod h1:G2ZrVWU2WbWT9wwq4/hrbKbnv/1ERSJQ0ibhJ6rlkpw=
github.com/brotherlogic/buildserver v0.0.0-20250309195652-d6fa47234e57 h1:EiDWepT8JUf4Blf65a0z5BqG67eYBZu2xxhAfZJ2pYI=
github.com/brotherlogic/buildserver v0.0.0-20250309195652-d6fa47234e57/go.mod h1:hDnOWyaavwYcGPkk3iPTBsdqSnsDOf7glHRM0hsd22I=
github.com/brotherlogic/datastore v0.0.0-20250113225754-a9cab19c721e h1:+ObStHAWAC6w1QHdJvjJhiGj23SZ4vvrAvKbslMsLXw=
github.com/brotherlogic/datastore v0.0.0-20250113225754-a9cab19c721e/go.mod h1:9q9KdpUQOEqifh2D1mDctq0de7pzh86xydybPu+l9tk=
github.com/brotherlogic/discovery v0.0.0-20241109204028-02908558af09 h1:/G6RM6m/hLY/LbVw2mNcbeUxms5zNE2c0F72Z8ZI8HU=
github.com/brotherlogic/discovery v0.0.0-20241109204028-02908558af09/go.mod h1:ih6YWeSvJfqZHdtPujz/mbs2fdnLD9HKVnPYplvriEY=
github.com/brotherlogic/dstore v0.0.0-20250309192000-e5702328af79 h1:AdiFN5FRdFBO9SDt0W0/Vi/9ZiYs4f4vxiBMhfvgUuk=
github.com/brotherlogic/dstore v0.0.0-20250309192000-e5702328af79/go.mod h1:esgG9FtdK51f0VucOlX6fdwZ+7iS/exRht2xLxi80Wk=
github.com/brotherlogic/githubcard v0.0.0-20250309205238-0a84f6af18fe h1:gKQZhQgvLXDr94hWOcy24Uyc7dp8Um5J6yF9Bt5wW7M=
github.com/brotherlogic/githubcard v0.0.0-20250309205238-0a84f6af18fe/go.mod h1:d019VvevLcBwhRHs9LIbCoWwp3oa9bNilj9RVc/XbCU=
github.com/brotherlogic/githubridge v0.2848.0 h1:WnTceh+IL+HKuitKTElpqSLZ6tBIRriQDCyEhc2lyJY=
github.com/brotherlogic/githubridge v0.2848.0/go.mod h1:1Izl2qh17QzTwv4+0Waq/xAnbaywurJQHSN19/PlPvU=
github.com/brotherlogic/gobuildslave v0.0.0-20250309205043-b8a3194609b6 h1:4zpSCgtwuqw2ZpWVWAqtM570bMf6kWtLvM7XzIZYfSg=
github.com/brotherlogic/gobuildslave v0.0.0-20250309205043-b8a3194609b6/go.mod h1:2npYlVdfhWYNcZ3U+zwEcoyjpia7tGyCjrMWoBKC82s=
github.com/brotherlogic/godiscogs v0.0.0-20250131163651-1e34c776a68e h1:ch6H5kW7A++ZIoQpPa+3dX1688W0dyWmZSNkxX8MzUE=
github.com/brotherlogic/godiscogs v0.0.0-20250131163651-1e34c776a68e/go.mod h1:4wYe3uogEJqP77td2b2j69c+TLcSDrqgd5pqj7vlb6U=
github.com/brotherlogic/goserver v0.0.0-20250123145056-95c6fbb2310a h1:rni9hUmBPIAdPCP3FsrgX570YIWTsagksIoPmKXo42Q=
github.com/brotherlogic/goserver v0.0.0-20250123145056-95c6fbb2310a/go.mod h1:QbrdZ+d2/FKUG5c9BmQS3yXssOTMOb0nlZyZNcS0UMM=
github.com/brotherlogic/keystore v0.0.0-20240508161349-814b3200b126 h1:6e12Cl80VtMghgEyTyx1tZB1mUSSBHeLhKvikwb7kIQ=
github.com/brotherlogic/keystore v0.0.0-20240508161349-814b3200b126/go.mod h1:2JK2kJhI5ler7e7M1WtIpIkiNGG2qy8V6X7VZLCsd5k=
github.com/brotherlogic/lock v0.0.0-20250309195157-068ccbe040fb h1:2Gnwi3P5AL+NrS9NqwHSxHRmQMypoWkEDe7C5Oj022s=
github.com/brotherlogic/lock v0.0.0-20250309195157-068ccbe040fb/go.mod h1:LFsLRBghGJ1JvUVA7Q3JFPI4FCnqEAd/S8TvfvfRHkE=
github.com/brotherlogic/logging v0.0.0-20250309205224-e294c625e743 h1:PNTV6pEqwt0gidm77mZb3RKSENdRI6g2IiuDp/F48+U=
github.com/brotherlogic/logging v0.0.0-20250309205224-e294c625e743/go.mod h1:HIGPCFWcNxIzJiLhsUe8QmakjUl20Q5TqA23G/jZ2u0=
github.com/brotherlogic/monitor v0.0.0-20221025152653-c10877c5f9e6 h1:hxu2T9JspE76sL3XAx/CNtA9bOO6QCEJkyG9rBXFEVA=
github.com/brotherlogic/monitor v0.0.0-20221025152653-c10877c5f9e6/go.mod h1:babny4VO2GqFwjXqhJsP4a6la4XJeMT6f4BgLBPq4G8=
github.com/brotherlogic/recordcollection v0.0.0-20250227174213-ce20ec909d87 h1:BX4IrQD+baBcQm7j8zTA+da+Rl3pcUy9FBKHk9IIwJs=
github.com/brotherlogic/recordcollection v0.0.0-20250227174213-ce20ec909d87/go.mod h1:A+p6+E94GRc22lQAxAYnJk5Zp5BbtXhmhNCbVx7dfvo=
github.com/brotherlogic/recordsorganiser v0.0.0-20250309174800-fbbdfcfa3601 h1:Bsh2wsus1F4vrEA9hHfikfx74unr5fz52fgllhaQxp8=
github.com/brotherlogic/recordsorganiser v0.0.0-20250309174800-fbbdfcfa3601/go.mod h1:JjP28goNDMG2w+gLYKkrxjlad2qtHEshnurcX5kJEGI=
github.com/brotherlogic/versionserver v0.0.0-20221025154054-c9bcd41be2f2 h1:YjFE4Sa+wwbl4yJwJaMQVeA4CMzLIDbbIuSMdsEp5/w=
github.com/brotherlogic/versionserver v0.0.0-20221025154054-c9bcd41be2f2/go.mod h1:ODrbMDhG+yOp2vie9vE4oaKsKhILDralZMr7PJ4HrJY=
github.com/cespare/xxhash/v2 v2.3.0 h1:UL815xU9SqsFlibzuggzjXhog7bL6oX9BbNZnL2UFvs=
github.com/cespare/xxhash/v2 v2.3.0/go.mod h1:VGX0DQ3Q6kWi7AoAeZDth3/j3BFtOZR5XLFGgcrjCOs=
github.com/davecgh/go-spew v1.1.1 h1:vj9j/u1bqnvCEfJOwUhtlOARqs3+rkHYY13jYWTU97c=
github.com/davecgh/go-spew v1.1.1/go.mod h1:J7Y8YcW2NihsgmVo/mv3lAwl/skON4iLHjSsI+c5H38=
github.com/go-logr/logr v1.4.2 h1:6pFjapn8bFcIbiKo3XT4j/BhANplGihG6tvd+8rYgrY=
github.com/go-logr/logr v1.4.2/go.mod h1:9T104GzyrTigFIr8wt5mBrctHMim0Nb2HLGrmQ40KvY=
github.com/go-logr/stdr v1.2.2 h1:hSWxHoqTgW2S2qGc0LTAI563KZ5YKYRhT3MFKZMbjag=
github.com/go-logr/stdr v1.2.2/go.mod h1:mMo/vtBO5dYbehREoey6XUKy/eSumjCCveDpRre4VKE=
github.com/golang/protobuf v1.5.4 h1:i7eJL8qZTpSEXOPTxNKhASYpMn+8e5Q6AdndVa1dWek=
github.com/golang/protobuf v1.5.4/go.mod h1:lnTiLA8Wa4RWRcIUkrtSVa5nRhsEGBg48fD6rSs7xps=
github.com/google/go-cmp v0.6.0 h1:ofyhxvXcZhMsU5ulbFiLKl/XBFqE1GSq7atu8tAmTRI=
github.com/google/go-cmp v0.6.0/go.mod h1:17dUlkBOakJ0+DkrSSNjCkIjxS6bF9zb3elmeNGIjoY=
github.com/google/uuid v1.6.0 h1:NIvaJDMOsjHA8n1jAhLSgzrAzy1Hgr+hNrb57e+94F0=
github.com/google/uuid v1.6.0/go.mod h1:TIyPZe4MgqvfeYDBFedMoGGpEw/LqOeaOT+nhxU+yHo=
github.com/klauspost/compress v1.18.0 h1:c/Cqfb0r+Yi+JtIEq73FWXVkRonBlf0CRNYc8Zttxdo=
github.com/klauspost/compress v1.18.0/go.mod h1:2Pp+KzxcywXVXMr50+X0Q/Lsb43OQHYWRCY2AiWywWQ=
github.com/kylelemons/godebug v1.1.0 h1:RPNrshWIDI6G2gRW9EHilWtl7Z6Sb1BR0xunSBf0SNc=
github.com/kylelemons/godebug v1.1.0/go.mod h1:9/0rRGxNHcop5bhtWyNeEfOS8JIWk580+fNqagV/RAw=
github.com/mitchellh/go-ps v1.0.0 h1:i6ampVEEF4wQFF+bkYfwYgY+F/uYJDktmvLPf7qIgjc=
github.com/mitchellh/go-ps v1.0.0/go.mod h1:J4lOc8z8yJs6vUwklHw2XEIiT4z4C40KtWVN3nvg8Pg=
github.com/munnerz/goautoneg v0.0.0-20191010083416-a7dc8b61c822 h1:C3w9PqII01/Oq1c1nUAm88MOHcQC9l5mIlSMApZMrHA=
github.com/munnerz/goautoneg v0.0.0-20191010083416-a7dc8b61c822/go.mod h1:+n7T8mK8HuQTcFwEeznm/DIxMOiR9yIdICNftLE1DvQ=
github.com/pmezard/go-difflib v1.0.0 h1:4DBwDE0NGyQoBHbLQYPwSUPoCMWR5BEzIk/f1lZbAQM=
github.com/pmezard/go-difflib v1.0.0/go.mod h1:iKH77koFhYxTK1pcRnkKkqfTogsbg7gZNVY4sRDYZ/4=
github.com/prometheus/client_golang v1.21.1 h1:DOvXXTqVzvkIewV/CDPFdejpMCGeMcbGCQ8YOmu+Ibk=
github.com/prometheus/client_golang v1.21.1/go.mod h1:U9NM32ykUErtVBxdvD3zfi+EuFkkaBvMb09mIfe0Zgg=
github.com/prometheus/client_model v0.6.1 h1:ZKSh/rekM+n3CeS952MLRAdFwIKqeY8b62p8ais2e9E=
github.com/prometheus/client_model v0.6.1/go.mod h1:OrxVMOVHjw3lKMa8+x6HeMGkHMQyHDk9E3jmP2AmGiY=
github.com/prometheus/common v0.62.0 h1:xasJaQlnWAeyHdUBeGjXmutelfJHWMRr+Fg4QszZ2Io=
github.com/prometheus/common v0.62.0/go.mod h1:vyBcEuLSvWos9B1+CyL7JZ2up+uFzXhkqml0W5zIY1I=
github.com/prometheus/procfs v0.15.1 h1:YagwOFzUgYfKKHX6Dr+sHT7km/hxC76UB0learggepc=
github.com/prometheus/procfs v0.15.1/go.mod h1:fB45yRUv8NstnjriLhBQLuOUt+WW4BsoGhij/e3PBqk=
github.com/stretchr/testify v1.10.0 h1:Xv5erBjTwe/5IxqUQTdXv5kgmIvbHo3QQyRwhJsOfJA=
github.com/stretchr/testify v1.10.0/go.mod h1:r2ic/lqez/lEtzL7wO/rwa5dbSLXVDPFyf8C91i36aY=
github.com/struCoder/pidusage v0.2.1 h1:dFiEgUDkubeIj0XA1NpQ6+8LQmKrLi7NiIQl86E6BoY=
github.com/struCoder/pidusage v0.2.1/go.mod h1:bewtP2KUA1TBUyza5+/PCpSQ6sc/H6jJbIKAzqW86BA=
go.opentelemetry.io/auto/sdk v1.1.0 h1:cH53jehLUN6UFLY71z+NDOiNJqDdPRaXzTel0sJySYA=
go.opentelemetry.io/auto/sdk v1.1.0/go.mod h1:3wSPjt5PWp2RhlCcmmOial7AvC4DQqZb7a7wCow3W8A=
go.opentelemetry.io/otel v1.34.0 h1:zRLXxLCgL1WyKsPVrgbSdMN4c0FMkDAskSTQP+0hdUY=
go.opentelemetry.io/otel v1.34.0/go.mod h1:OWFPOQ+h4G8xpyjgqo4SxJYdDQ/qmRH+wivy7zzx9oI=
go.opentelemetry.io/otel/metric v1.34.0 h1:+eTR3U0MyfWjRDhmFMxe2SsW64QrZ84AOhvqS7Y+PoQ=
go.opentelemetry.io/otel/metric v1.34.0/go.mod h1:CEDrp0fy2D0MvkXE+dPV7cMi8tWZwX3dmaIhwPOaqHE=
go.opentelemetry.io/otel/sdk v1.34.0 h1:95zS4k/2GOy069d321O8jWgYsW3MzVV+KuSPKp7Wr1A=
go.opentelemetry.io/otel/sdk v1.34.0/go.mod h1:0e/pNiaMAqaykJGKbi+tSjWfNNHMTxoC9qANsCzbyxU=
go.opentelemetry.io/otel/sdk/metric v1.34.0 h1:5CeK9ujjbFVL5c1PhLuStg1wxA7vQv7ce1EK0Gyvahk=
go.opentelemetry.io/otel/sdk/metric v1.34.0/go.mod h1:jQ/r8Ze28zRKoNRdkjCZxfs6YvBTG1+YIqyFVFYec5w=
go.opentelemetry.io/otel/trace v1.34.0 h1:+ouXS2V8Rd4hp4580a8q23bg0azF2nI8cqLYnC8mh/k=
go.opentelemetry.io/otel/trace v1.34.0/go.mod h1:Svm7lSjQD7kG7KJ/MUHPVXSDGz2OX4h0M2jHBhmSfRE=
golang.org/x/net v0.37.0 h1:1zLorHbz+LYj7MQlSf1+2tPIIgibq2eL5xkrGk6f+2c=
golang.org/x/net v0.37.0/go.mod h1:ivrbrMbzFq5J41QOQh0siUuly180yBYtLp+CKbEaFx8=
golang.org/x/sys v0.31.0 h1:ioabZlmFYtWhL+TRYpcnNlLwhyxaM9kWTDEmfnprqik=
golang.org/x/sys v0.31.0/go.mod h1:BJP2sWEmIv4KK5OTEluFJCKSidICx8ciO85XgH3Ak8k=
golang.org/x/text v0.23.0 h1:D71I7dUrlY+VX0gQShAThNGHFxZ13dGLBHQLVl1mJlY=
golang.org/x/text v0.23.0/go.mod h1:/BLNzu4aZCJ1+kcD0DNRotWKage4q2rGVAg4o22unh4=
google.golang.org/genproto/googleapis/rpc v0.0.0-20250303144028-a0af3efb3deb h1:TLPQVbx1GJ8VKZxz52VAxl1EBgKXXbTiU9Fc5fZeLn4=
google.golang.org/genproto/googleapis/rpc v0.0.0-20250303144028-a0af3efb3deb/go.mod h1:LuRYeWDFV6WOn90g357N17oMCaxpgCnbi/44qJvDn2I=
google.golang.org/grpc v1.71.0 h1:kF77BGdPTQ4/JZWMlb9VpJ5pa25aqvVqogsxNHHdeBg=
google.golang.org/grpc v1.71.0/go.mod h1:H0GRtasmQOh9LkFoCPDu3ZrwUtD1YGE+b2vYBYd/8Ec=
google.golang.org/protobuf v1.36.5 h1:tPhr+woSbjfYvY6/GPufUoYizxw1cF/yFoxJ2fmpwlM=
google.golang.org/protobuf v1.36.5/go.mod h1:9fA7Ob0pmnwhb644+1+CVWFRbNajQ6iRojtC/QF5bRE=
gopkg.in/yaml.v3 v3.0.1 h1:fxVm/GzAzEWqLHuvctI91KS9hhNmmWOoWu0XTYJS7CA=
gopkg.in/yaml.v3 v3.0.1/go.mod h1:K4uyk7z7BCEPqu6E+C64Yfv1cQ7kz7rIZviUmN+EgEM=
