github.com/beorn7/perks v1.0.1 h1:VlbKKnNfV8bJzeqoa4cOKqO6bYr3WgKZxO8Z16+hsOM=
github.com/beorn7/perks v1.0.1/go.mod h1:G2ZrVWU2WbWT9wwq4/hrbKbnv/1ERSJQ0ibhJ6rlkpw=
github.com/brotherlogic/buildserver v0.0.0-20250220205435-53354fe19a49 h1:rWsQdquYTmIuLPTEbnrmBtWs/uIY/0nl0pcQM+8cse0=
github.com/brotherlogic/buildserver v0.0.0-20250220205435-53354fe19a49/go.mod h1:bELk8QR0e5SqczgrvZxFMIztX6vAecphxJCcL411uZM=
github.com/brotherlogic/datastore v0.0.0-20250113225754-a9cab19c721e h1:+ObStHAWAC6w1QHdJvjJhiGj23SZ4vvrAvKbslMsLXw=
github.com/brotherlogic/datastore v0.0.0-20250113225754-a9cab19c721e/go.mod h1:9q9KdpUQOEqifh2D1mDctq0de7pzh86xydybPu+l9tk=
github.com/brotherlogic/discovery v0.0.0-20241109204028-02908558af09 h1:/G6RM6m/hLY/LbVw2mNcbeUxms5zNE2c0F72Z8ZI8HU=
github.com/brotherlogic/discovery v0.0.0-20241109204028-02908558af09/go.mod h1:ih6YWeSvJfqZHdtPujz/mbs2fdnLD9HKVnPYplvriEY=
github.com/brotherlogic/dstore v0.0.0-20250220214605-fd8c4d002f31 h1:pfazEd56IcMUz5m/O++Ux2cn1UBPZsvBgsGOMGgOa7k=
github.com/brotherlogic/dstore v0.0.0-20250220214605-fd8c4d002f31/go.mod h1:cTsSZyQ5HViMy/qpLlVlXbdIV9YUYFJTb4vraUfMots=
github.com/brotherlogic/githubcard v0.0.0-20250220220847-acea4089eec4 h1:b303KmN+ZyWcIHi716/1yCmDXvFR62qiZQhHx2YqiZk=
github.com/brotherlogic/githubcard v0.0.0-20250220220847-acea4089eec4/go.mod h1:62DkZXaINzMMpDXHh/ykLlFJBbXzvQH2Y1lkW9jzx58=
github.com/brotherlogic/githubridge v0.2848.0 h1:WnTceh+IL+HKuitKTElpqSLZ6tBIRriQDCyEhc2lyJY=
github.com/brotherlogic/githubridge v0.2848.0/go.mod h1:1Izl2qh17QzTwv4+0Waq/xAnbaywurJQHSN19/PlPvU=
github.com/brotherlogic/gobuildslave v0.0.0-20250220220555-48f60fab316e h1:iGxzSX9J2FMY+bF3ztfzPObFGKO5ko50gXX9u5ngmA4=
github.com/brotherlogic/gobuildslave v0.0.0-20250220220555-48f60fab316e/go.mod h1:Wwm79DKCqoqfuGARpJzNu09QOLEd408OfhVpxMHOzsI=
github.com/brotherlogic/godiscogs v0.0.0-20250131163651-1e34c776a68e h1:ch6H5kW7A++ZIoQpPa+3dX1688W0dyWmZSNkxX8MzUE=
github.com/brotherlogic/godiscogs v0.0.0-20250131163651-1e34c776a68e/go.mod h1:4wYe3uogEJqP77td2b2j69c+TLcSDrqgd5pqj7vlb6U=
github.com/brotherlogic/goserver v0.0.0-20250123145056-95c6fbb2310a h1:rni9hUmBPIAdPCP3FsrgX570YIWTsagksIoPmKXo42Q=
github.com/brotherlogic/goserver v0.0.0-20250123145056-95c6fbb2310a/go.mod h1:QbrdZ+d2/FKUG5c9BmQS3yXssOTMOb0nlZyZNcS0UMM=
github.com/brotherlogic/keystore v0.0.0-20240508161349-814b3200b126 h1:6e12Cl80VtMghgEyTyx1tZB1mUSSBHeLhKvikwb7kIQ=
github.com/brotherlogic/keystore v0.0.0-20240508161349-814b3200b126/go.mod h1:2JK2kJhI5ler7e7M1WtIpIkiNGG2qy8V6X7VZLCsd5k=
github.com/brotherlogic/lock v0.0.0-20250220205345-6d1069961c0f h1:vS3TOVe7cRdyDjpHkSD7/9iipd2dL9abARHwMVmFKVg=
github.com/brotherlogic/lock v0.0.0-20250220205345-6d1069961c0f/go.mod h1:VB0IoIHnr7bhQ0Htr27+SQl8g+jDb9xWeSrn/GIR57Y=
github.com/brotherlogic/logging v0.0.0-20250220205755-1eccf6c4d723 h1:RSCOIQHKsjL3Ub0Q9eGK/skl9IZavHuA7bcTWK5gOLk=
github.com/brotherlogic/logging v0.0.0-20250220205755-1eccf6c4d723/go.mod h1:3OuCHRT6LrNY1w2n0qq7lYGXz8RbgJQNdGYpR74+org=
github.com/brotherlogic/monitor v0.0.0-20221025152653-c10877c5f9e6 h1:hxu2T9JspE76sL3XAx/CNtA9bOO6QCEJkyG9rBXFEVA=
github.com/brotherlogic/monitor v0.0.0-20221025152653-c10877c5f9e6/go.mod h1:babny4VO2GqFwjXqhJsP4a6la4XJeMT6f4BgLBPq4G8=
github.com/brotherlogic/recordcollection v0.0.0-20250212043939-5a5bc9db09d7 h1:KDY/8d70UuKCStRgFNL3rS69/lhFEiQc/c98QypgHM4=
github.com/brotherlogic/recordcollection v0.0.0-20250212043939-5a5bc9db09d7/go.mod h1:A+p6+E94GRc22lQAxAYnJk5Zp5BbtXhmhNCbVx7dfvo=
github.com/brotherlogic/recordsorganiser v0.0.0-20250220205702-9ea0fbdc79e9 h1:wZbH2I1Bh6r3PDZf8cTwfQETkMKgGq5msi+5fl9no68=
github.com/brotherlogic/recordsorganiser v0.0.0-20250220205702-9ea0fbdc79e9/go.mod h1:hbbRBS2CQ8z9grxsO2gkjpcf9GjnX2zxRu01E1wKlG4=
github.com/brotherlogic/versionserver v0.0.0-20221025154054-c9bcd41be2f2 h1:YjFE4Sa+wwbl4yJwJaMQVeA4CMzLIDbbIuSMdsEp5/w=
github.com/brotherlogic/versionserver v0.0.0-20221025154054-c9bcd41be2f2/go.mod h1:ODrbMDhG+yOp2vie9vE4oaKsKhILDralZMr7PJ4HrJY=
github.com/cespare/xxhash/v2 v2.3.0 h1:UL815xU9SqsFlibzuggzjXhog7bL6oX9BbNZnL2UFvs=
github.com/cespare/xxhash/v2 v2.3.0/go.mod h1:VGX0DQ3Q6kWi7AoAeZDth3/j3BFtOZR5XLFGgcrjCOs=
github.com/davecgh/go-spew v1.1.1 h1:vj9j/u1bqnvCEfJOwUhtlOARqs3+rkHYY13jYWTU97c=
github.com/davecgh/go-spew v1.1.1/go.mod h1:J7Y8YcW2NihsgmVo/mv3lAwl/skON4iLHjSsI+c5H38=
github.com/go-logr/logr v1.4.2 h1:6pFjapn8bFcIbiKo3XT4j/BhANplGihG6tvd+8rYgrY=
github.com/go-logr/logr v1.4.2/go.mod h1:9T104GzyrTigFIr8wt5mBrctHMim0Nb2HLGrmQ40KvY=
github.com/go-logr/stdr v1.2.2 h1:hSWxHoqTgW2S2qGc0LTAI563KZ5YKYRhT3MFKZMbjag=
github.com/go-logr/stdr v1.2.2/go.mod h1:mMo/vtBO5dYbehREoey6XUKy/eSumjCCveDpRre4VKE=
github.com/golang/protobuf v1.5.4 h1:i7eJL8qZTpSEXOPTxNKhASYpMn+8e5Q6AdndVa1dWek=
github.com/golang/protobuf v1.5.4/go.mod h1:lnTiLA8Wa4RWRcIUkrtSVa5nRhsEGBg48fD6rSs7xps=
github.com/google/go-cmp v0.6.0 h1:ofyhxvXcZhMsU5ulbFiLKl/XBFqE1GSq7atu8tAmTRI=
github.com/google/go-cmp v0.6.0/go.mod h1:17dUlkBOakJ0+DkrSSNjCkIjxS6bF9zb3elmeNGIjoY=
github.com/google/uuid v1.6.0 h1:NIvaJDMOsjHA8n1jAhLSgzrAzy1Hgr+hNrb57e+94F0=
github.com/google/uuid v1.6.0/go.mod h1:TIyPZe4MgqvfeYDBFedMoGGpEw/LqOeaOT+nhxU+yHo=
github.com/klauspost/compress v1.18.0 h1:c/Cqfb0r+Yi+JtIEq73FWXVkRonBlf0CRNYc8Zttxdo=
github.com/klauspost/compress v1.18.0/go.mod h1:2Pp+KzxcywXVXMr50+X0Q/Lsb43OQHYWRCY2AiWywWQ=
github.com/kylelemons/godebug v1.1.0 h1:RPNrshWIDI6G2gRW9EHilWtl7Z6Sb1BR0xunSBf0SNc=
github.com/kylelemons/godebug v1.1.0/go.mod h1:9/0rRGxNHcop5bhtWyNeEfOS8JIWk580+fNqagV/RAw=
github.com/mitchellh/go-ps v1.0.0 h1:i6ampVEEF4wQFF+bkYfwYgY+F/uYJDktmvLPf7qIgjc=
github.com/mitchellh/go-ps v1.0.0/go.mod h1:J4lOc8z8yJs6vUwklHw2XEIiT4z4C40KtWVN3nvg8Pg=
github.com/munnerz/goautoneg v0.0.0-20191010083416-a7dc8b61c822 h1:C3w9PqII01/Oq1c1nUAm88MOHcQC9l5mIlSMApZMrHA=
github.com/munnerz/goautoneg v0.0.0-20191010083416-a7dc8b61c822/go.mod h1:+n7T8mK8HuQTcFwEeznm/DIxMOiR9yIdICNftLE1DvQ=
github.com/pmezard/go-difflib v1.0.0 h1:4DBwDE0NGyQoBHbLQYPwSUPoCMWR5BEzIk/f1lZbAQM=
github.com/pmezard/go-difflib v1.0.0/go.mod h1:iKH77koFhYxTK1pcRnkKkqfTogsbg7gZNVY4sRDYZ/4=
github.com/prometheus/client_golang v1.21.0 h1:DIsaGmiaBkSangBgMtWdNfxbMNdku5IK6iNhrEqWvdA=
github.com/prometheus/client_golang v1.21.0/go.mod h1:U9NM32ykUErtVBxdvD3zfi+EuFkkaBvMb09mIfe0Zgg=
github.com/prometheus/client_model v0.6.1 h1:ZKSh/rekM+n3CeS952MLRAdFwIKqeY8b62p8ais2e9E=
github.com/prometheus/client_model v0.6.1/go.mod h1:OrxVMOVHjw3lKMa8+x6HeMGkHMQyHDk9E3jmP2AmGiY=
github.com/prometheus/common v0.62.0 h1:xasJaQlnWAeyHdUBeGjXmutelfJHWMRr+Fg4QszZ2Io=
github.com/prometheus/common v0.62.0/go.mod h1:vyBcEuLSvWos9B1+CyL7JZ2up+uFzXhkqml0W5zIY1I=
github.com/prometheus/procfs v0.15.1 h1:YagwOFzUgYfKKHX6Dr+sHT7km/hxC76UB0learggepc=
github.com/prometheus/procfs v0.15.1/go.mod h1:fB45yRUv8NstnjriLhBQLuOUt+WW4BsoGhij/e3PBqk=
github.com/stretchr/testify v1.10.0 h1:Xv5erBjTwe/5IxqUQTdXv5kgmIvbHo3QQyRwhJsOfJA=
github.com/stretchr/testify v1.10.0/go.mod h1:r2ic/lqez/lEtzL7wO/rwa5dbSLXVDPFyf8C91i36aY=
github.com/struCoder/pidusage v0.2.1 h1:dFiEgUDkubeIj0XA1NpQ6+8LQmKrLi7NiIQl86E6BoY=
github.com/struCoder/pidusage v0.2.1/go.mod h1:bewtP2KUA1TBUyza5+/PCpSQ6sc/H6jJbIKAzqW86BA=
go.opentelemetry.io/otel v1.32.0 h1:WnBN+Xjcteh0zdk01SVqV55d/m62NJLJdIyb4y/WO5U=
go.opentelemetry.io/otel v1.32.0/go.mod h1:00DCVSB0RQcnzlwyTfqtxSm+DRr9hpYrHjNGiBHVQIg=
go.opentelemetry.io/otel/metric v1.32.0 h1:xV2umtmNcThh2/a/aCP+h64Xx5wsj8qqnkYZktzNa0M=
go.opentelemetry.io/otel/metric v1.32.0/go.mod h1:jH7CIbbK6SH2V2wE16W05BHCtIDzauciCRLoc/SyMv8=
go.opentelemetry.io/otel/sdk v1.32.0 h1:RNxepc9vK59A8XsgZQouW8ue8Gkb4jpWtJm9ge5lEG4=
go.opentelemetry.io/otel/sdk v1.32.0/go.mod h1:LqgegDBjKMmb2GC6/PrTnteJG39I8/vJCAP9LlJXEjU=
go.opentelemetry.io/otel/sdk/metric v1.32.0 h1:rZvFnvmvawYb0alrYkjraqJq0Z4ZUJAiyYCU9snn1CU=
go.opentelemetry.io/otel/sdk/metric v1.32.0/go.mod h1:PWeZlq0zt9YkYAp3gjKZ0eicRYvOh1Gd+X99x6GHpCQ=
go.opentelemetry.io/otel/trace v1.32.0 h1:WIC9mYrXf8TmY/EXuULKc8hR17vE+Hjv2cssQDe03fM=
go.opentelemetry.io/otel/trace v1.32.0/go.mod h1:+i4rkvCraA+tG6AzwloGaCtkx53Fa+L+V8e9a7YvhT8=
golang.org/x/net v0.35.0 h1:T5GQRQb2y08kTAByq9L4/bz8cipCdA8FbRTXewonqY8=
golang.org/x/net v0.35.0/go.mod h1:EglIi67kWsHKlRzzVMUD93VMSWGFOMSZgxFjparz1Qk=
golang.org/x/sys v0.30.0 h1:QjkSwP/36a20jFYWkSue1YwXzLmsV5Gfq7Eiy72C1uc=
golang.org/x/sys v0.30.0/go.mod h1:/VUhepiaJMQUp4+oa/7Zr1D23ma6VTLIYjOOTFZPUcA=
golang.org/x/text v0.22.0 h1:bofq7m3/HAFvbF51jz3Q9wLg3jkvSPuiZu/pD1XwgtM=
golang.org/x/text v0.22.0/go.mod h1:YRoo4H8PVmsu+E3Ou7cqLVH8oXWIHVoX0jqUWALQhfY=
google.golang.org/genproto/googleapis/rpc v0.0.0-20250219182151-9fdb1cabc7b2 h1:DMTIbak9GhdaSxEjvVzAeNZvyc03I61duqNbnm3SU0M=
google.golang.org/genproto/googleapis/rpc v0.0.0-20250219182151-9fdb1cabc7b2/go.mod h1:LuRYeWDFV6WOn90g357N17oMCaxpgCnbi/44qJvDn2I=
google.golang.org/grpc v1.70.0 h1:pWFv03aZoHzlRKHWicjsZytKAiYCtNS0dHbXnIdq7jQ=
google.golang.org/grpc v1.70.0/go.mod h1:ofIJqVKDXx/JiXrwr2IG4/zwdH9txy3IlF40RmcJSQw=
google.golang.org/protobuf v1.36.5 h1:tPhr+woSbjfYvY6/GPufUoYizxw1cF/yFoxJ2fmpwlM=
google.golang.org/protobuf v1.36.5/go.mod h1:9fA7Ob0pmnwhb644+1+CVWFRbNajQ6iRojtC/QF5bRE=
gopkg.in/yaml.v3 v3.0.1 h1:fxVm/GzAzEWqLHuvctI91KS9hhNmmWOoWu0XTYJS7CA=
gopkg.in/yaml.v3 v3.0.1/go.mod h1:K4uyk7z7BCEPqu6E+C64Yfv1cQ7kz7rIZviUmN+EgEM=
